
Microsoft Visual Studio Solution File, Format Version 12.00
# Visual Studio 2013
VisualStudioVersion = 12.0.31101.0
MinimumVisualStudioVersion = 10.0.40219.1
Project("{FAE04EC0-301F-11D3-BF4B-00C04F79EFBC}") = "shared", "shared\shared.csproj", "{24FD9FDA-2E55-4F7E-8FB2-D0D70E8CB06F}"
EndProject
Project("{FAE04EC0-301F-11D3-BF4B-00C04F79EFBC}") = "Test", "Test\Test.csproj", "{6D2423D4-1B95-4885-A5FA-2A6C0561E259}"
EndProject
Global
	GlobalSection(SolutionConfigurationPlatforms) = preSolution
		Debug|Any CPU = Debug|Any CPU
		Release|Any CPU = Release|Any CPU
	EndGlobalSection
	GlobalSection(ProjectConfigurationPlatforms) = postSolution
		{24FD9FDA-2E55-4F7E-8FB2-D0D70E8CB06F}.Debug|Any CPU.ActiveCfg = Debug|Any CPU
		{24FD9FDA-2E55-4F7E-8FB2-D0D70E8CB06F}.Debug|Any CPU.Build.0 = Debug|Any CPU
		{24FD9FDA-2E55-4F7E-8FB2-D0D70E8CB06F}.Release|Any CPU.ActiveCfg = Release|Any CPU
		{24FD9FDA-2E55-4F7E-8FB2-D0D70E8CB06F}.Release|Any CPU.Build.0 = Release|Any CPU
		{6D2423D4-1B95-4885-A5FA-2A6C0561E259}.Debug|Any CPU.ActiveCfg = Debug|Any CPU
		{6D2423D4-1B95-4885-A5FA-2A6C0561E259}.Debug|Any CPU.Build.0 = Debug|Any CPU
		{6D2423D4-1B95-4885-A5FA-2A6C0561E259}.Release|Any CPU.ActiveCfg = Release|Any CPU
		{6D2423D4-1B95-4885-A5FA-2A6C0561E259}.Release|Any CPU.Build.0 = Release|Any CPU
	EndGlobalSection
	GlobalSection(SolutionProperties) = preSolution
		HideSolutionNode = FALSE
	EndGlobalSection
EndGlobal
